// !$*UTF8*$!
{
	archiveVersion = 1;
	classes = {
	};
	objectVersion = 56;
	objects = {

/* Begin PBXBuildFile section */
		B469DC7C2C42067A000A5F90 /* MovixAppApp.swift in Sources */ = {isa = PBXBuildFile; fileRef = B469DC7B2C42067A000A5F90 /* MovixAppApp.swift */; };
		B469DC7E2C42067A000A5F90 /* ContentView.swift in Sources */ = {isa = PBXBuildFile; fileRef = B469DC7D2C42067A000A5F90 /* ContentView.swift */; };
		B469DC802C42067B000A5F90 /* Assets.xcassets in Resources */ = {isa = PBXBuildFile; fileRef = B469DC7F2C42067B000A5F90 /* Assets.xcassets */; };
		B469DC832C42067B000A5F90 /* Preview Assets.xcassets in Resources */ = {isa = PBXBuildFile; fileRef = B469DC822C42067B000A5F90 /* Preview Assets.xcassets */; };
		B469DC8F2C420A89000A5F90 /* CapsuleButton.swift in Sources */ = {isa = PBXBuildFile; fileRef = B469DC8E2C420A89000A5F90 /* CapsuleButton.swift */; };
		B469DC912C420DA4000A5F90 /* CapsuleModifier.swift in Sources */ = {isa = PBXBuildFile; fileRef = B469DC902C420DA4000A5F90 /* CapsuleModifier.swift */; };
		B469DC952C421576000A5F90 /* LoginView.swift in Sources */ = {isa = PBXBuildFile; fileRef = B469DC942C421576000A5F90 /* LoginView.swift */; };
		B469DC972C42215C000A5F90 /* SignUpView.swift in Sources */ = {isa = PBXBuildFile; fileRef = B469DC962C42215C000A5F90 /* SignUpView.swift */; };
/* End PBXBuildFile section */

/* Begin PBXFileReference section */
		B469DC782C42067A000A5F90 /* MovixApp.app */ = {isa = PBXFileReference; explicitFileType = wrapper.application; includeInIndex = 0; path = MovixApp.app; sourceTree = BUILT_PRODUCTS_DIR; };
		B469DC7B2C42067A000A5F90 /* MovixAppApp.swift */ = {isa = PBXFileReference; lastKnownFileType = sourcecode.swift; path = MovixAppApp.swift; sourceTree = "<group>"; };
		B469DC7D2C42067A000A5F90 /* ContentView.swift */ = {isa = PBXFileReference; lastKnownFileType = sourcecode.swift; path = ContentView.swift; sourceTree = "<group>"; };
		B469DC7F2C42067B000A5F90 /* Assets.xcassets */ = {isa = PBXFileReference; lastKnownFileType = folder.assetcatalog; path = Assets.xcassets; sourceTree = "<group>"; };
		B469DC822C42067B000A5F90 /* Preview Assets.xcassets */ = {isa = PBXFileReference; lastKnownFileType = folder.assetcatalog; path = "Preview Assets.xcassets"; sourceTree = "<group>"; };
		B469DC8E2C420A89000A5F90 /* CapsuleButton.swift */ = {isa = PBXFileReference; lastKnownFileType = sourcecode.swift; path = CapsuleButton.swift; sourceTree = "<group>"; };
		B469DC902C420DA4000A5F90 /* CapsuleModifier.swift */ = {isa = PBXFileReference; lastKnownFileType = sourcecode.swift; path = CapsuleModifier.swift; sourceTree = "<group>"; };
		B469DC942C421576000A5F90 /* LoginView.swift */ = {isa = PBXFileReference; lastKnownFileType = sourcecode.swift; path = LoginView.swift; sourceTree = "<group>"; };
		B469DC962C42215C000A5F90 /* SignUpView.swift */ = {isa = PBXFileReference; lastKnownFileType = sourcecode.swift; path = SignUpView.swift; sourceTree = "<group>"; };
/* End PBXFileReference section */

/* Begin PBXFrameworksBuildPhase section */
		B469DC752C42067A000A5F90 /* Frameworks */ = {
			isa = PBXFrameworksBuildPhase;
			buildActionMask = 2147483647;
			files = (
			);
			runOnlyForDeploymentPostprocessing = 0;
		};
/* End PBXFrameworksBuildPhase section */

/* Begin PBXGroup section */
		B469DC6F2C42067A000A5F90 = {
			isa = PBXGroup;
			children = (
				B469DC7A2C42067A000A5F90 /* MovixApp */,
				B469DC792C42067A000A5F90 /* Products */,
			);
			sourceTree = "<group>";
		};
		B469DC792C42067A000A5F90 /* Products */ = {
			isa = PBXGroup;
			children = (
				B469DC782C42067A000A5F90 /* MovixApp.app */,
			);
			name = Products;
			sourceTree = "<group>";
		};
		B469DC7A2C42067A000A5F90 /* MovixApp */ = {
			isa = PBXGroup;
			children = (
				B469DC8B2C420A37000A5F90 /* Core */,
				B469DC892C42079C000A5F90 /* Resources */,
			);
			path = MovixApp;
			sourceTree = "<group>";
		};
		B469DC812C42067B000A5F90 /* Preview Content */ = {
			isa = PBXGroup;
			children = (
				B469DC822C42067B000A5F90 /* Preview Assets.xcassets */,
			);
			path = "Preview Content";
			sourceTree = "<group>";
		};
		B469DC892C42079C000A5F90 /* Resources */ = {
			isa = PBXGroup;
			children = (
				B469DC812C42067B000A5F90 /* Preview Content */,
				B469DC7F2C42067B000A5F90 /* Assets.xcassets */,
			);
			path = Resources;
			sourceTree = "<group>";
		};
		B469DC8A2C420A32000A5F90 /* App */ = {
			isa = PBXGroup;
			children = (
				B469DC7B2C42067A000A5F90 /* MovixAppApp.swift */,
				B469DC7D2C42067A000A5F90 /* ContentView.swift */,
			);
			path = App;
			sourceTree = "<group>";
		};
		B469DC8B2C420A37000A5F90 /* Core */ = {
			isa = PBXGroup;
			children = (
				B469DC8A2C420A32000A5F90 /* App */,
				B469DC8C2C420A3B000A5F90 /* Modifiers */,
			);
			path = Core;
			sourceTree = "<group>";
		};
		B469DC8C2C420A3B000A5F90 /* Modifiers */ = {
			isa = PBXGroup;
			children = (
				B469DC922C421563000A5F90 /* Authentication */,
				B469DC8E2C420A89000A5F90 /* CapsuleButton.swift */,
				B469DC902C420DA4000A5F90 /* CapsuleModifier.swift */,
			);
			path = Modifiers;
			sourceTree = "<group>";
		};
		B469DC922C421563000A5F90 /* Authentication */ = {
			isa = PBXGroup;
			children = (
				B469DC932C421567000A5F90 /* Views */,
			);
			path = Authentication;
			sourceTree = "<group>";
		};
		B469DC932C421567000A5F90 /* Views */ = {
			isa = PBXGroup;
			children = (
				B469DC942C421576000A5F90 /* LoginView.swift */,
				B469DC962C42215C000A5F90 /* SignUpView.swift */,
			);
			path = Views;
			sourceTree = "<group>";
		};
/* End PBXGroup section */

/* Begin PBXNativeTarget section */
		B469DC772C42067A000A5F90 /* MovixApp */ = {
			isa = PBXNativeTarget;
			buildConfigurationList = B469DC862C42067B000A5F90 /* Build configuration list for PBXNativeTarget "MovixApp" */;
			buildPhases = (
				B469DC742C42067A000A5F90 /* Sources */,
				B469DC752C42067A000A5F90 /* Frameworks */,
				B469DC762C42067A000A5F90 /* Resources */,
			);
			buildRules = (
			);
			dependencies = (
			);
			name = MovixApp;
			productName = MovixApp;
			productReference = B469DC782C42067A000A5F90 /* MovixApp.app */;
			productType = "com.apple.product-type.application";
		};
/* End PBXNativeTarget section */

/* Begin PBXProject section */
		B469DC702C42067A000A5F90 /* Project object */ = {
			isa = PBXProject;
			attributes = {
				BuildIndependentTargetsInParallel = 1;
				LastSwiftUpdateCheck = 1520;
				LastUpgradeCheck = 1520;
				TargetAttributes = {
					B469DC772C42067A000A5F90 = {
						CreatedOnToolsVersion = 15.2;
					};
				};
			};
			buildConfigurationList = B469DC732C42067A000A5F90 /* Build configuration list for PBXProject "MovixApp" */;
			compatibilityVersion = "Xcode 14.0";
			developmentRegion = en;
			hasScannedForEncodings = 0;
			knownRegions = (
				en,
				Base,
			);
			mainGroup = B469DC6F2C42067A000A5F90;
			productRefGroup = B469DC792C42067A000A5F90 /* Products */;
			projectDirPath = "";
			projectRoot = "";
			targets = (
				B469DC772C42067A000A5F90 /* MovixApp */,
			);
		};
/* End PBXProject section */

/* Begin PBXResourcesBuildPhase section */
		B469DC762C42067A000A5F90 /* Resources */ = {
			isa = PBXResourcesBuildPhase;
			buildActionMask = 2147483647;
			files = (
				B469DC832C42067B000A5F90 /* Preview Assets.xcassets in Resources */,
				B469DC802C42067B000A5F90 /* Assets.xcassets in Resources */,
			);
			runOnlyForDeploymentPostprocessing = 0;
		};
/* End PBXResourcesBuildPhase section */

/* Begin PBXSourcesBuildPhase section */
		B469DC742C42067A000A5F90 /* Sources */ = {
			isa = PBXSourcesBuildPhase;
			buildActionMask = 2147483647;
			files = (
				B469DC7E2C42067A000A5F90 /* ContentView.swift in Sources */,
				B469DC912C420DA4000A5F90 /* CapsuleModifier.swift in Sources */,
				B469DC8F2C420A89000A5F90 /* CapsuleButton.swift in Sources */,
				B469DC952C421576000A5F90 /* LoginView.swift in Sources */,
				B469DC972C42215C000A5F90 /* SignUpView.swift in Sources */,
				B469DC7C2C42067A000A5F90 /* MovixAppApp.swift in Sources */,
			);
			runOnlyForDeploymentPostprocessing = 0;
		};
/* End PBXSourcesBuildPhase section */

/* Begin XCBuildConfiguration section */
		B469DC842C42067B000A5F90 /* Debug */ = {
			isa = XCBuildConfiguration;
			buildSettings = {
				ALWAYS_SEARCH_USER_PATHS = NO;
				ASSETCATALOG_COMPILER_GENERATE_SWIFT_ASSET_SYMBOL_EXTENSIONS = YES;
				CLANG_ANALYZER_NONNULL = YES;
				CLANG_ANALYZER_NUMBER_OBJECT_CONVERSION = YES_AGGRESSIVE;
				CLANG_CXX_LANGUAGE_STANDARD = "gnu++20";
				CLANG_ENABLE_MODULES = YES;
				CLANG_ENABLE_OBJC_ARC = YES;
				CLANG_ENABLE_OBJC_WEAK = YES;
				CLANG_WARN_BLOCK_CAPTURE_AUTORELEASING = YES;
				CLANG_WARN_BOOL_CONVERSION = YES;
				CLANG_WARN_COMMA = YES;
				CLANG_WARN_CONSTANT_CONVERSION = YES;
				CLANG_WARN_DEPRECATED_OBJC_IMPLEMENTATIONS = YES;
				CLANG_WARN_DIRECT_OBJC_ISA_USAGE = YES_ERROR;
				CLANG_WARN_DOCUMENTATION_COMMENTS = YES;
				CLANG_WARN_EMPTY_BODY = YES;
				CLANG_WARN_ENUM_CONVERSION = YES;
				CLANG_WARN_INFINITE_RECURSION = YES;
				CLANG_WARN_INT_CONVERSION = YES;
				CLANG_WARN_NON_LITERAL_NULL_CONVERSION = YES;
				CLANG_WARN_OBJC_IMPLICIT_RETAIN_SELF = YES;
				CLANG_WARN_OBJC_LITERAL_CONVERSION = YES;
				CLANG_WARN_OBJC_ROOT_CLASS = YES_ERROR;
				CLANG_WARN_QUOTED_INCLUDE_IN_FRAMEWORK_HEADER = YES;
				CLANG_WARN_RANGE_LOOP_ANALYSIS = YES;
				CLANG_WARN_STRICT_PROTOTYPES = YES;
				CLANG_WARN_SUSPICIOUS_MOVE = YES;
				CLANG_WARN_UNGUARDED_AVAILABILITY = YES_AGGRESSIVE;
				CLANG_WARN_UNREACHABLE_CODE = YES;
				CLANG_WARN__DUPLICATE_METHOD_MATCH = YES;
				COPY_PHASE_STRIP = NO;
				DEBUG_INFORMATION_FORMAT = dwarf;
				ENABLE_STRICT_OBJC_MSGSEND = YES;
				ENABLE_TESTABILITY = YES;
				ENABLE_USER_SCRIPT_SANDBOXING = YES;
				GCC_C_LANGUAGE_STANDARD = gnu17;
				GCC_DYNAMIC_NO_PIC = NO;
				GCC_NO_COMMON_BLOCKS = YES;
				GCC_OPTIMIZATION_LEVEL = 0;
				GCC_PREPROCESSOR_DEFINITIONS = (
					"DEBUG=1",
					"$(inherited)",
				);
				GCC_WARN_64_TO_32_BIT_CONVERSION = YES;
				GCC_WARN_ABOUT_RETURN_TYPE = YES_ERROR;
				GCC_WARN_UNDECLARED_SELECTOR = YES;
				GCC_WARN_UNINITIALIZED_AUTOS = YES_AGGRESSIVE;
				GCC_WARN_UNUSED_FUNCTION = YES;
				GCC_WARN_UNUSED_VARIABLE = YES;
				IPHONEOS_DEPLOYMENT_TARGET = 17.2;
				LOCALIZATION_PREFERS_STRING_CATALOGS = YES;
				MTL_ENABLE_DEBUG_INFO = INCLUDE_SOURCE;
				MTL_FAST_MATH = YES;
				ONLY_ACTIVE_ARCH = YES;
				SDKROOT = iphoneos;
				SWIFT_ACTIVE_COMPILATION_CONDITIONS = "DEBUG $(inherited)";
				SWIFT_OPTIMIZATION_LEVEL = "-Onone";
			};
			name = Debug;
		};
		B469DC852C42067B000A5F90 /* Release */ = {
			isa = XCBuildConfiguration;
			buildSettings = {
				ALWAYS_SEARCH_USER_PATHS = NO;
				ASSETCATALOG_COMPILER_GENERATE_SWIFT_ASSET_SYMBOL_EXTENSIONS = YES;
				CLANG_ANALYZER_NONNULL = YES;
				CLANG_ANALYZER_NUMBER_OBJECT_CONVERSION = YES_AGGRESSIVE;
				CLANG_CXX_LANGUAGE_STANDARD = "gnu++20";
				CLANG_ENABLE_MODULES = YES;
				CLANG_ENABLE_OBJC_ARC = YES;
				CLANG_ENABLE_OBJC_WEAK = YES;
				CLANG_WARN_BLOCK_CAPTURE_AUTORELEASING = YES;
				CLANG_WARN_BOOL_CONVERSION = YES;
				CLANG_WARN_COMMA = YES;
				CLANG_WARN_CONSTANT_CONVERSION = YES;
				CLANG_WARN_DEPRECATED_OBJC_IMPLEMENTATIONS = YES;
				CLANG_WARN_DIRECT_OBJC_ISA_USAGE = YES_ERROR;
				CLANG_WARN_DOCUMENTATION_COMMENTS = YES;
				CLANG_WARN_EMPTY_BODY = YES;
				CLANG_WARN_ENUM_CONVERSION = YES;
				CLANG_WARN_INFINITE_RECURSION = YES;
				CLANG_WARN_INT_CONVERSION = YES;
				CLANG_WARN_NON_LITERAL_NULL_CONVERSION = YES;
				CLANG_WARN_OBJC_IMPLICIT_RETAIN_SELF = YES;
				CLANG_WARN_OBJC_LITERAL_CONVERSION = YES;
				CLANG_WARN_OBJC_ROOT_CLASS = YES_ERROR;
				CLANG_WARN_QUOTED_INCLUDE_IN_FRAMEWORK_HEADER = YES;
				CLANG_WARN_RANGE_LOOP_ANALYSIS = YES;
				CLANG_WARN_STRICT_PROTOTYPES = YES;
				CLANG_WARN_SUSPICIOUS_MOVE = YES;
				CLANG_WARN_UNGUARDED_AVAILABILITY = YES_AGGRESSIVE;
				CLANG_WARN_UNREACHABLE_CODE = YES;
				CLANG_WARN__DUPLICATE_METHOD_MATCH = YES;
				COPY_PHASE_STRIP = NO;
				DEBUG_INFORMATION_FORMAT = "dwarf-with-dsym";
				ENABLE_NS_ASSERTIONS = NO;
				ENABLE_STRICT_OBJC_MSGSEND = YES;
				ENABLE_USER_SCRIPT_SANDBOXING = YES;
				GCC_C_LANGUAGE_STANDARD = gnu17;
				GCC_NO_COMMON_BLOCKS = YES;
				GCC_WARN_64_TO_32_BIT_CONVERSION = YES;
				GCC_WARN_ABOUT_RETURN_TYPE = YES_ERROR;
				GCC_WARN_UNDECLARED_SELECTOR = YES;
				GCC_WARN_UNINITIALIZED_AUTOS = YES_AGGRESSIVE;
				GCC_WARN_UNUSED_FUNCTION = YES;
				GCC_WARN_UNUSED_VARIABLE = YES;
				IPHONEOS_DEPLOYMENT_TARGET = 17.2;
				LOCALIZATION_PREFERS_STRING_CATALOGS = YES;
				MTL_ENABLE_DEBUG_INFO = NO;
				MTL_FAST_MATH = YES;
				SDKROOT = iphoneos;
				SWIFT_COMPILATION_MODE = wholemodule;
				VALIDATE_PRODUCT = YES;
			};
			name = Release;
		};
		B469DC872C42067B000A5F90 /* Debug */ = {
			isa = XCBuildConfiguration;
			buildSettings = {
				ASSETCATALOG_COMPILER_APPICON_NAME = AppIcon;
				ASSETCATALOG_COMPILER_GLOBAL_ACCENT_COLOR_NAME = AccentColor;
				CODE_SIGN_STYLE = Automatic;
				CURRENT_PROJECT_VERSION = 1;
				DEVELOPMENT_ASSET_PATHS = "MovixApp/Resources/Preview\\ Content";
				DEVELOPMENT_TEAM = 5VZ6Q8DGLP;
				ENABLE_PREVIEWS = YES;
				GENERATE_INFOPLIST_FILE = YES;
				INFOPLIST_KEY_UIApplicationSceneManifest_Generation = YES;
				INFOPLIST_KEY_UIApplicationSupportsIndirectInputEvents = YES;
				INFOPLIST_KEY_UILaunchScreen_Generation = YES;
				INFOPLIST_KEY_UISupportedInterfaceOrientations_iPad = "UIInterfaceOrientationPortrait UIInterfaceOrientationPortraitUpsideDown UIInterfaceOrientationLandscapeLeft UIInterfaceOrientationLandscapeRight";
				INFOPLIST_KEY_UISupportedInterfaceOrientations_iPhone = "UIInterfaceOrientationPortrait UIInterfaceOrientationLandscapeLeft UIInterfaceOrientationLandscapeRight";
				LD_RUNPATH_SEARCH_PATHS = (
					"$(inherited)",
					"@executable_path/Frameworks",
				);
				MARKETING_VERSION = 1.0;
				PRODUCT_BUNDLE_IDENTIFIER = com.anceldev.MovixApp;
				PRODUCT_NAME = "$(TARGET_NAME)";
				SWIFT_EMIT_LOC_STRINGS = YES;
				SWIFT_VERSION = 5.0;
				TARGETED_DEVICE_FAMILY = "1,2";
			};
			name = Debug;
		};
		B469DC882C42067B000A5F90 /* Release */ = {
			isa = XCBuildConfiguration;
			buildSettings = {
				ASSETCATALOG_COMPILER_APPICON_NAME = AppIcon;
				ASSETCATALOG_COMPILER_GLOBAL_ACCENT_COLOR_NAME = AccentColor;
				CODE_SIGN_STYLE = Automatic;
				CURRENT_PROJECT_VERSION = 1;
				DEVELOPMENT_ASSET_PATHS = "MovixApp/Resources/Preview\\ Content";
				DEVELOPMENT_TEAM = 5VZ6Q8DGLP;
				ENABLE_PREVIEWS = YES;
				GENERATE_INFOPLIST_FILE = YES;
				INFOPLIST_KEY_UIApplicationSceneManifest_Generation = YES;
				INFOPLIST_KEY_UIApplicationSupportsIndirectInputEvents = YES;
				INFOPLIST_KEY_UILaunchScreen_Generation = YES;
				INFOPLIST_KEY_UISupportedInterfaceOrientations_iPad = "UIInterfaceOrientationPortrait UIInterfaceOrientationPortraitUpsideDown UIInterfaceOrientationLandscapeLeft UIInterfaceOrientationLandscapeRight";
				INFOPLIST_KEY_UISupportedInterfaceOrientations_iPhone = "UIInterfaceOrientationPortrait UIInterfaceOrientationLandscapeLeft UIInterfaceOrientationLandscapeRight";
				LD_RUNPATH_SEARCH_PATHS = (
					"$(inherited)",
					"@executable_path/Frameworks",
				);
				MARKETING_VERSION = 1.0;
				PRODUCT_BUNDLE_IDENTIFIER = com.anceldev.MovixApp;
				PRODUCT_NAME = "$(TARGET_NAME)";
				SWIFT_EMIT_LOC_STRINGS = YES;
				SWIFT_VERSION = 5.0;
				TARGETED_DEVICE_FAMILY = "1,2";
			};
			name = Release;
		};
/* End XCBuildConfiguration section */

/* Begin XCConfigurationList section */
		B469DC732C42067A000A5F90 /* Build configuration list for PBXProject "MovixApp" */ = {
			isa = XCConfigurationList;
			buildConfigurations = (
				B469DC842C42067B000A5F90 /* Debug */,
				B469DC852C42067B000A5F90 /* Release */,
			);
			defaultConfigurationIsVisible = 0;
			defaultConfigurationName = Release;
		};
		B469DC862C42067B000A5F90 /* Build configuration list for PBXNativeTarget "MovixApp" */ = {
			isa = XCConfigurationList;
			buildConfigurations = (
				B469DC872C42067B000A5F90 /* Debug */,
				B469DC882C42067B000A5F90 /* Release */,
			);
			defaultConfigurationIsVisible = 0;
			defaultConfigurationName = Release;
		};
/* End XCConfigurationList section */
	};
	rootObject = B469DC702C42067A000A5F90 /* Project object */;
}
