// !$*UTF8*$!
{
	archiveVersion = 1;
	classes = {
	};
	objectVersion = 56;
	objects = {

/* Begin PBXBuildFile section */
		B4111FA02C5A996900657258 /* AuthenticationViewModel.swift in Sources */ = {isa = PBXBuildFile; fileRef = B4111F9F2C5A996900657258 /* AuthenticationViewModel.swift */; };
		B4111FA32C5AAE2F00657258 /* AuthenticateTMDB.swift in Sources */ = {isa = PBXBuildFile; fileRef = B4111FA22C5AAE2F00657258 /* AuthenticateTMDB.swift */; };
		B4111FA92C5AF7F600657258 /* MainTabView.swift in Sources */ = {isa = PBXBuildFile; fileRef = B4111FA82C5AF7F600657258 /* MainTabView.swift */; };
		B4111FAB2C5AF80000657258 /* Tab.swift in Sources */ = {isa = PBXBuildFile; fileRef = B4111FAA2C5AF80000657258 /* Tab.swift */; };
		B4111FAD2C5AFA6100657258 /* TabBarButton.swift in Sources */ = {isa = PBXBuildFile; fileRef = B4111FAC2C5AFA6100657258 /* TabBarButton.swift */; };
		B4111FAF2C5AFB0B00657258 /* CustomTabBar.swift in Sources */ = {isa = PBXBuildFile; fileRef = B4111FAE2C5AFB0B00657258 /* CustomTabBar.swift */; };
		B4111FB12C5AFF7100657258 /* HomeView.swift in Sources */ = {isa = PBXBuildFile; fileRef = B4111FB02C5AFF7100657258 /* HomeView.swift */; };
		B4111FB32C5B003700657258 /* FavouritesView.swift in Sources */ = {isa = PBXBuildFile; fileRef = B4111FB22C5B003700657258 /* FavouritesView.swift */; };
		B42BE0BA2C57A15E00EA19D2 /* ApiTMDB.swift in Sources */ = {isa = PBXBuildFile; fileRef = B42BE0B92C57A15E00EA19D2 /* ApiTMDB.swift */; };
		B42BE0BD2C57A54A00EA19D2 /* MovieViewModel.swift in Sources */ = {isa = PBXBuildFile; fileRef = B42BE0BC2C57A54A00EA19D2 /* MovieViewModel.swift */; };
		B42BE0BF2C57A59500EA19D2 /* MoviesViewModel.swift in Sources */ = {isa = PBXBuildFile; fileRef = B42BE0BE2C57A59500EA19D2 /* MoviesViewModel.swift */; };
		B42BE0C12C57AD8200EA19D2 /* SearchMedia.swift in Sources */ = {isa = PBXBuildFile; fileRef = B42BE0C02C57AD8200EA19D2 /* SearchMedia.swift */; };
		B42BE0C32C57B32200EA19D2 /* MoviesCollection.swift in Sources */ = {isa = PBXBuildFile; fileRef = B42BE0C22C57B32200EA19D2 /* MoviesCollection.swift */; };
		B42BE0C92C57DA9800EA19D2 /* People.swift in Sources */ = {isa = PBXBuildFile; fileRef = B42BE0C82C57DA9800EA19D2 /* People.swift */; };
		B42BE0CB2C57E48900EA19D2 /* Credits.swift in Sources */ = {isa = PBXBuildFile; fileRef = B42BE0CA2C57E48900EA19D2 /* Credits.swift */; };
		B42BE0CE2C57E70D00EA19D2 /* CastViewModel.swift in Sources */ = {isa = PBXBuildFile; fileRef = B42BE0CD2C57E70D00EA19D2 /* CastViewModel.swift */; };
		B42BE0D02C57FDB500EA19D2 /* Utility.swift in Sources */ = {isa = PBXBuildFile; fileRef = B42BE0CF2C57FDB500EA19D2 /* Utility.swift */; };
		B4390BEF2C5818ED00AEAB70 /* SearchBar.swift in Sources */ = {isa = PBXBuildFile; fileRef = B4390BEE2C5818ED00AEAB70 /* SearchBar.swift */; };
		B4390BF32C581BB500AEAB70 /* MediaRow.swift in Sources */ = {isa = PBXBuildFile; fileRef = B4390BF22C581BB500AEAB70 /* MediaRow.swift */; };
		B4390BF52C58217000AEAB70 /* RoundedRectagleShape.swift in Sources */ = {isa = PBXBuildFile; fileRef = B4390BF42C58217000AEAB70 /* RoundedRectagleShape.swift */; };
		B4390BF72C5821C700AEAB70 /* PopularityFormatter.swift in Sources */ = {isa = PBXBuildFile; fileRef = B4390BF62C5821C700AEAB70 /* PopularityFormatter.swift */; };
		B4390BF92C5828CE00AEAB70 /* MediaList.swift in Sources */ = {isa = PBXBuildFile; fileRef = B4390BF82C5828CE00AEAB70 /* MediaList.swift */; };
		B4390BFB2C582A4700AEAB70 /* FiltersView.swift in Sources */ = {isa = PBXBuildFile; fileRef = B4390BFA2C582A4700AEAB70 /* FiltersView.swift */; };
		B4390BFD2C582B3600AEAB70 /* HexColor.swift in Sources */ = {isa = PBXBuildFile; fileRef = B4390BFC2C582B3600AEAB70 /* HexColor.swift */; };
		B44E47BE2C4BDD1A00B74A8B /* MediaDetailsInfo.swift in Sources */ = {isa = PBXBuildFile; fileRef = B44E47BD2C4BDD1A00B74A8B /* MediaDetailsInfo.swift */; };
		B45745D52C58E701004DB511 /* CustomTabBaraa.swift in Sources */ = {isa = PBXBuildFile; fileRef = B45745D42C58E701004DB511 /* CustomTabBaraa.swift */; };
		B45745D82C592DF8004DB511 /* PeopleView.swift in Sources */ = {isa = PBXBuildFile; fileRef = B45745D72C592DF8004DB511 /* PeopleView.swift */; };
		B45745DA2C593212004DB511 /* PeopleViewModel.swift in Sources */ = {isa = PBXBuildFile; fileRef = B45745D92C593212004DB511 /* PeopleViewModel.swift */; };
		B469DC7C2C42067A000A5F90 /* MovixAppApp.swift in Sources */ = {isa = PBXBuildFile; fileRef = B469DC7B2C42067A000A5F90 /* MovixAppApp.swift */; };
		B469DC7E2C42067A000A5F90 /* ContentView.swift in Sources */ = {isa = PBXBuildFile; fileRef = B469DC7D2C42067A000A5F90 /* ContentView.swift */; };
		B469DC802C42067B000A5F90 /* Assets.xcassets in Resources */ = {isa = PBXBuildFile; fileRef = B469DC7F2C42067B000A5F90 /* Assets.xcassets */; };
		B469DC832C42067B000A5F90 /* Preview Assets.xcassets in Resources */ = {isa = PBXBuildFile; fileRef = B469DC822C42067B000A5F90 /* Preview Assets.xcassets */; };
		B469DC8F2C420A89000A5F90 /* CapsuleButton.swift in Sources */ = {isa = PBXBuildFile; fileRef = B469DC8E2C420A89000A5F90 /* CapsuleButton.swift */; };
		B469DC912C420DA4000A5F90 /* CapsuleModifier.swift in Sources */ = {isa = PBXBuildFile; fileRef = B469DC902C420DA4000A5F90 /* CapsuleModifier.swift */; };
		B469DC952C421576000A5F90 /* LoginView.swift in Sources */ = {isa = PBXBuildFile; fileRef = B469DC942C421576000A5F90 /* LoginView.swift */; };
		B469DC972C42215C000A5F90 /* SignUpView.swift in Sources */ = {isa = PBXBuildFile; fileRef = B469DC962C42215C000A5F90 /* SignUpView.swift */; };
		B469DC9B2C4222CA000A5F90 /* ProfileView.swift in Sources */ = {isa = PBXBuildFile; fileRef = B469DC9A2C4222CA000A5F90 /* ProfileView.swift */; };
		B4BD2C032C6B5A0300A5518E /* Account.swift in Sources */ = {isa = PBXBuildFile; fileRef = B4BD2C022C6B5A0300A5518E /* Account.swift */; };
		B4C93F9E2C52749E0034DD0B /* MediaTabs.swift in Sources */ = {isa = PBXBuildFile; fileRef = B4C93F9D2C52749E0034DD0B /* MediaTabs.swift */; };
		B4C93FA02C52989C0034DD0B /* NetworkManager.swift in Sources */ = {isa = PBXBuildFile; fileRef = B4C93F9F2C52989C0034DD0B /* NetworkManager.swift */; };
		B4C93FA32C529B630034DD0B /* Movie.swift in Sources */ = {isa = PBXBuildFile; fileRef = B4C93FA22C529B630034DD0B /* Movie.swift */; };
		B4C93FA52C529B740034DD0B /* MediaProtocol.swift in Sources */ = {isa = PBXBuildFile; fileRef = B4C93FA42C529B740034DD0B /* MediaProtocol.swift */; };
		B4C93FA72C52A4D60034DD0B /* deadpooljson.json in Resources */ = {isa = PBXBuildFile; fileRef = B4C93FA62C52A4D60034DD0B /* deadpooljson.json */; };
		B4DAF2D12C4BE50600178180 /* GeneralInfo.swift in Sources */ = {isa = PBXBuildFile; fileRef = B4DAF2D02C4BE50600178180 /* GeneralInfo.swift */; };
		B4DAF2D32C4BE51300178180 /* DetailsView.swift in Sources */ = {isa = PBXBuildFile; fileRef = B4DAF2D22C4BE51300178180 /* DetailsView.swift */; };
		B4DAF2D52C4BE51D00178180 /* CommentsView.swift in Sources */ = {isa = PBXBuildFile; fileRef = B4DAF2D42C4BE51D00178180 /* CommentsView.swift */; };
		B4EC60352C637FE4001DBF4B /* Genre.swift in Sources */ = {isa = PBXBuildFile; fileRef = B4EC60342C637FE4001DBF4B /* Genre.swift */; };
		B4EC60372C639942001DBF4B /* Provider.swift in Sources */ = {isa = PBXBuildFile; fileRef = B4EC60362C639942001DBF4B /* Provider.swift */; };
		B4FE2A642C4ADB6E009EF6C5 /* SettingsList.swift in Sources */ = {isa = PBXBuildFile; fileRef = B4FE2A632C4ADB6E009EF6C5 /* SettingsList.swift */; };
		B4FE2A6B2C4AE6BB009EF6C5 /* MovieView.swift in Sources */ = {isa = PBXBuildFile; fileRef = B4FE2A6A2C4AE6BB009EF6C5 /* MovieView.swift */; };
		B4FE2A6D2C4AEC89009EF6C5 /* PosterView.swift in Sources */ = {isa = PBXBuildFile; fileRef = B4FE2A6C2C4AEC89009EF6C5 /* PosterView.swift */; };
		B4FE2A6F2C4AEED6009EF6C5 /* MovieActionsBar.swift in Sources */ = {isa = PBXBuildFile; fileRef = B4FE2A6E2C4AEED6009EF6C5 /* MovieActionsBar.swift */; };
		B4FE2A722C4AF1A3009EF6C5 /* BannerTopBar.swift in Sources */ = {isa = PBXBuildFile; fileRef = B4FE2A712C4AF1A3009EF6C5 /* BannerTopBar.swift */; };
/* End PBXBuildFile section */

/* Begin PBXFileReference section */
		B4111F9F2C5A996900657258 /* AuthenticationViewModel.swift */ = {isa = PBXFileReference; lastKnownFileType = sourcecode.swift; path = AuthenticationViewModel.swift; sourceTree = "<group>"; };
		B4111FA22C5AAE2F00657258 /* AuthenticateTMDB.swift */ = {isa = PBXFileReference; lastKnownFileType = sourcecode.swift; path = AuthenticateTMDB.swift; sourceTree = "<group>"; };
		B4111FA82C5AF7F600657258 /* MainTabView.swift */ = {isa = PBXFileReference; lastKnownFileType = sourcecode.swift; path = MainTabView.swift; sourceTree = "<group>"; };
		B4111FAA2C5AF80000657258 /* Tab.swift */ = {isa = PBXFileReference; lastKnownFileType = sourcecode.swift; path = Tab.swift; sourceTree = "<group>"; };
		B4111FAC2C5AFA6100657258 /* TabBarButton.swift */ = {isa = PBXFileReference; lastKnownFileType = sourcecode.swift; path = TabBarButton.swift; sourceTree = "<group>"; };
		B4111FAE2C5AFB0B00657258 /* CustomTabBar.swift */ = {isa = PBXFileReference; lastKnownFileType = sourcecode.swift; path = CustomTabBar.swift; sourceTree = "<group>"; };
		B4111FB02C5AFF7100657258 /* HomeView.swift */ = {isa = PBXFileReference; lastKnownFileType = sourcecode.swift; path = HomeView.swift; sourceTree = "<group>"; };
		B4111FB22C5B003700657258 /* FavouritesView.swift */ = {isa = PBXFileReference; lastKnownFileType = sourcecode.swift; path = FavouritesView.swift; sourceTree = "<group>"; };
		B42BE0B92C57A15E00EA19D2 /* ApiTMDB.swift */ = {isa = PBXFileReference; lastKnownFileType = sourcecode.swift; path = ApiTMDB.swift; sourceTree = "<group>"; };
		B42BE0BC2C57A54A00EA19D2 /* MovieViewModel.swift */ = {isa = PBXFileReference; lastKnownFileType = sourcecode.swift; path = MovieViewModel.swift; sourceTree = "<group>"; };
		B42BE0BE2C57A59500EA19D2 /* MoviesViewModel.swift */ = {isa = PBXFileReference; lastKnownFileType = sourcecode.swift; path = MoviesViewModel.swift; sourceTree = "<group>"; };
		B42BE0C02C57AD8200EA19D2 /* SearchMedia.swift */ = {isa = PBXFileReference; lastKnownFileType = sourcecode.swift; path = SearchMedia.swift; sourceTree = "<group>"; };
		B42BE0C22C57B32200EA19D2 /* MoviesCollection.swift */ = {isa = PBXFileReference; lastKnownFileType = sourcecode.swift; path = MoviesCollection.swift; sourceTree = "<group>"; };
		B42BE0C82C57DA9800EA19D2 /* People.swift */ = {isa = PBXFileReference; lastKnownFileType = sourcecode.swift; path = People.swift; sourceTree = "<group>"; };
		B42BE0CA2C57E48900EA19D2 /* Credits.swift */ = {isa = PBXFileReference; lastKnownFileType = sourcecode.swift; path = Credits.swift; sourceTree = "<group>"; };
		B42BE0CD2C57E70D00EA19D2 /* CastViewModel.swift */ = {isa = PBXFileReference; lastKnownFileType = sourcecode.swift; path = CastViewModel.swift; sourceTree = "<group>"; };
		B42BE0CF2C57FDB500EA19D2 /* Utility.swift */ = {isa = PBXFileReference; lastKnownFileType = sourcecode.swift; path = Utility.swift; sourceTree = "<group>"; };
		B4390BEE2C5818ED00AEAB70 /* SearchBar.swift */ = {isa = PBXFileReference; lastKnownFileType = sourcecode.swift; path = SearchBar.swift; sourceTree = "<group>"; };
		B4390BF22C581BB500AEAB70 /* MediaRow.swift */ = {isa = PBXFileReference; lastKnownFileType = sourcecode.swift; path = MediaRow.swift; sourceTree = "<group>"; };
		B4390BF42C58217000AEAB70 /* RoundedRectagleShape.swift */ = {isa = PBXFileReference; lastKnownFileType = sourcecode.swift; path = RoundedRectagleShape.swift; sourceTree = "<group>"; };
		B4390BF62C5821C700AEAB70 /* PopularityFormatter.swift */ = {isa = PBXFileReference; lastKnownFileType = sourcecode.swift; path = PopularityFormatter.swift; sourceTree = "<group>"; };
		B4390BF82C5828CE00AEAB70 /* MediaList.swift */ = {isa = PBXFileReference; lastKnownFileType = sourcecode.swift; path = MediaList.swift; sourceTree = "<group>"; };
		B4390BFA2C582A4700AEAB70 /* FiltersView.swift */ = {isa = PBXFileReference; lastKnownFileType = sourcecode.swift; path = FiltersView.swift; sourceTree = "<group>"; };
		B4390BFC2C582B3600AEAB70 /* HexColor.swift */ = {isa = PBXFileReference; lastKnownFileType = sourcecode.swift; path = HexColor.swift; sourceTree = "<group>"; };
		B44E47BD2C4BDD1A00B74A8B /* MediaDetailsInfo.swift */ = {isa = PBXFileReference; lastKnownFileType = sourcecode.swift; path = MediaDetailsInfo.swift; sourceTree = "<group>"; };
		B45745D42C58E701004DB511 /* CustomTabBaraa.swift */ = {isa = PBXFileReference; lastKnownFileType = sourcecode.swift; path = CustomTabBaraa.swift; sourceTree = "<group>"; };
		B45745D72C592DF8004DB511 /* PeopleView.swift */ = {isa = PBXFileReference; lastKnownFileType = sourcecode.swift; path = PeopleView.swift; sourceTree = "<group>"; };
		B45745D92C593212004DB511 /* PeopleViewModel.swift */ = {isa = PBXFileReference; lastKnownFileType = sourcecode.swift; path = PeopleViewModel.swift; sourceTree = "<group>"; };
		B469DC782C42067A000A5F90 /* MovixApp.app */ = {isa = PBXFileReference; explicitFileType = wrapper.application; includeInIndex = 0; path = MovixApp.app; sourceTree = BUILT_PRODUCTS_DIR; };
		B469DC7B2C42067A000A5F90 /* MovixAppApp.swift */ = {isa = PBXFileReference; lastKnownFileType = sourcecode.swift; path = MovixAppApp.swift; sourceTree = "<group>"; };
		B469DC7D2C42067A000A5F90 /* ContentView.swift */ = {isa = PBXFileReference; lastKnownFileType = sourcecode.swift; path = ContentView.swift; sourceTree = "<group>"; };
		B469DC7F2C42067B000A5F90 /* Assets.xcassets */ = {isa = PBXFileReference; lastKnownFileType = folder.assetcatalog; path = Assets.xcassets; sourceTree = "<group>"; };
		B469DC822C42067B000A5F90 /* Preview Assets.xcassets */ = {isa = PBXFileReference; lastKnownFileType = folder.assetcatalog; path = "Preview Assets.xcassets"; sourceTree = "<group>"; };
		B469DC8E2C420A89000A5F90 /* CapsuleButton.swift */ = {isa = PBXFileReference; lastKnownFileType = sourcecode.swift; path = CapsuleButton.swift; sourceTree = "<group>"; };
		B469DC902C420DA4000A5F90 /* CapsuleModifier.swift */ = {isa = PBXFileReference; lastKnownFileType = sourcecode.swift; path = CapsuleModifier.swift; sourceTree = "<group>"; };
		B469DC942C421576000A5F90 /* LoginView.swift */ = {isa = PBXFileReference; lastKnownFileType = sourcecode.swift; path = LoginView.swift; sourceTree = "<group>"; };
		B469DC962C42215C000A5F90 /* SignUpView.swift */ = {isa = PBXFileReference; lastKnownFileType = sourcecode.swift; path = SignUpView.swift; sourceTree = "<group>"; };
		B469DC9A2C4222CA000A5F90 /* ProfileView.swift */ = {isa = PBXFileReference; lastKnownFileType = sourcecode.swift; path = ProfileView.swift; sourceTree = "<group>"; };
		B4BD2C022C6B5A0300A5518E /* Account.swift */ = {isa = PBXFileReference; lastKnownFileType = sourcecode.swift; path = Account.swift; sourceTree = "<group>"; };
		B4C93F9D2C52749E0034DD0B /* MediaTabs.swift */ = {isa = PBXFileReference; lastKnownFileType = sourcecode.swift; path = MediaTabs.swift; sourceTree = "<group>"; };
		B4C93F9F2C52989C0034DD0B /* NetworkManager.swift */ = {isa = PBXFileReference; lastKnownFileType = sourcecode.swift; path = NetworkManager.swift; sourceTree = "<group>"; };
		B4C93FA22C529B630034DD0B /* Movie.swift */ = {isa = PBXFileReference; lastKnownFileType = sourcecode.swift; path = Movie.swift; sourceTree = "<group>"; };
		B4C93FA42C529B740034DD0B /* MediaProtocol.swift */ = {isa = PBXFileReference; lastKnownFileType = sourcecode.swift; path = MediaProtocol.swift; sourceTree = "<group>"; };
		B4C93FA62C52A4D60034DD0B /* deadpooljson.json */ = {isa = PBXFileReference; lastKnownFileType = text.json; path = deadpooljson.json; sourceTree = "<group>"; };
		B4DAF2D02C4BE50600178180 /* GeneralInfo.swift */ = {isa = PBXFileReference; lastKnownFileType = sourcecode.swift; path = GeneralInfo.swift; sourceTree = "<group>"; };
		B4DAF2D22C4BE51300178180 /* DetailsView.swift */ = {isa = PBXFileReference; lastKnownFileType = sourcecode.swift; path = DetailsView.swift; sourceTree = "<group>"; };
		B4DAF2D42C4BE51D00178180 /* CommentsView.swift */ = {isa = PBXFileReference; lastKnownFileType = sourcecode.swift; path = CommentsView.swift; sourceTree = "<group>"; };
		B4EC60342C637FE4001DBF4B /* Genre.swift */ = {isa = PBXFileReference; lastKnownFileType = sourcecode.swift; path = Genre.swift; sourceTree = "<group>"; };
		B4EC60362C639942001DBF4B /* Provider.swift */ = {isa = PBXFileReference; lastKnownFileType = sourcecode.swift; path = Provider.swift; sourceTree = "<group>"; };
		B4FE2A632C4ADB6E009EF6C5 /* SettingsList.swift */ = {isa = PBXFileReference; lastKnownFileType = sourcecode.swift; path = SettingsList.swift; sourceTree = "<group>"; };
		B4FE2A6A2C4AE6BB009EF6C5 /* MovieView.swift */ = {isa = PBXFileReference; lastKnownFileType = sourcecode.swift; path = MovieView.swift; sourceTree = "<group>"; };
		B4FE2A6C2C4AEC89009EF6C5 /* PosterView.swift */ = {isa = PBXFileReference; lastKnownFileType = sourcecode.swift; path = PosterView.swift; sourceTree = "<group>"; };
		B4FE2A6E2C4AEED6009EF6C5 /* MovieActionsBar.swift */ = {isa = PBXFileReference; lastKnownFileType = sourcecode.swift; path = MovieActionsBar.swift; sourceTree = "<group>"; };
		B4FE2A712C4AF1A3009EF6C5 /* BannerTopBar.swift */ = {isa = PBXFileReference; lastKnownFileType = sourcecode.swift; path = BannerTopBar.swift; sourceTree = "<group>"; };
/* End PBXFileReference section */

/* Begin PBXFrameworksBuildPhase section */
		B469DC752C42067A000A5F90 /* Frameworks */ = {
			isa = PBXFrameworksBuildPhase;
			buildActionMask = 2147483647;
			files = (
			);
			runOnlyForDeploymentPostprocessing = 0;
		};
/* End PBXFrameworksBuildPhase section */

/* Begin PBXGroup section */
		B4111FA12C5A996D00657258 /* ViewModels */ = {
			isa = PBXGroup;
			children = (
				B4111F9F2C5A996900657258 /* AuthenticationViewModel.swift */,
			);
			path = ViewModels;
			sourceTree = "<group>";
		};
		B4111FA42C5AF7D000657258 /* Root */ = {
			isa = PBXGroup;
			children = (
				B4111FA72C5AF7EA00657258 /* Components */,
				B4111FA52C5AF7DC00657258 /* Models */,
				B4111FA62C5AF7E200657258 /* Views */,
			);
			path = Root;
			sourceTree = "<group>";
		};
		B4111FA52C5AF7DC00657258 /* Models */ = {
			isa = PBXGroup;
			children = (
				B4111FAA2C5AF80000657258 /* Tab.swift */,
			);
			path = Models;
			sourceTree = "<group>";
		};
		B4111FA62C5AF7E200657258 /* Views */ = {
			isa = PBXGroup;
			children = (
				B4111FA82C5AF7F600657258 /* MainTabView.swift */,
				B4111FAE2C5AFB0B00657258 /* CustomTabBar.swift */,
			);
			path = Views;
			sourceTree = "<group>";
		};
		B4111FA72C5AF7EA00657258 /* Components */ = {
			isa = PBXGroup;
			children = (
				B4FE2A712C4AF1A3009EF6C5 /* BannerTopBar.swift */,
				B4FE2A6E2C4AEED6009EF6C5 /* MovieActionsBar.swift */,
				B4111FAC2C5AFA6100657258 /* TabBarButton.swift */,
			);
			path = Components;
			sourceTree = "<group>";
		};
		B42BE0BB2C57A53F00EA19D2 /* ViewModels */ = {
			isa = PBXGroup;
			children = (
				B42BE0BC2C57A54A00EA19D2 /* MovieViewModel.swift */,
				B42BE0BE2C57A59500EA19D2 /* MoviesViewModel.swift */,
			);
			path = ViewModels;
			sourceTree = "<group>";
		};
		B42BE0C62C57DA8A00EA19D2 /* People */ = {
			isa = PBXGroup;
			children = (
				B42BE0CC2C57E70100EA19D2 /* ViewModels */,
				B42BE0C72C57DA8E00EA19D2 /* Model */,
				B45745D72C592DF8004DB511 /* PeopleView.swift */,
			);
			path = People;
			sourceTree = "<group>";
		};
		B42BE0C72C57DA8E00EA19D2 /* Model */ = {
			isa = PBXGroup;
			children = (
				B42BE0C82C57DA9800EA19D2 /* People.swift */,
				B42BE0CA2C57E48900EA19D2 /* Credits.swift */,
			);
			path = Model;
			sourceTree = "<group>";
		};
		B42BE0CC2C57E70100EA19D2 /* ViewModels */ = {
			isa = PBXGroup;
			children = (
				B42BE0CD2C57E70D00EA19D2 /* CastViewModel.swift */,
				B45745D92C593212004DB511 /* PeopleViewModel.swift */,
			);
			path = ViewModels;
			sourceTree = "<group>";
		};
		B4390BED2C5818DD00AEAB70 /* AuxViews */ = {
			isa = PBXGroup;
			children = (
				B4390BEE2C5818ED00AEAB70 /* SearchBar.swift */,
				B4390BF42C58217000AEAB70 /* RoundedRectagleShape.swift */,
				B4390BF62C5821C700AEAB70 /* PopularityFormatter.swift */,
				B4390BFA2C582A4700AEAB70 /* FiltersView.swift */,
				B4390BFC2C582B3600AEAB70 /* HexColor.swift */,
				B45745D42C58E701004DB511 /* CustomTabBaraa.swift */,
			);
			path = AuxViews;
			sourceTree = "<group>";
		};
		B469DC6F2C42067A000A5F90 = {
			isa = PBXGroup;
			children = (
				B469DC7A2C42067A000A5F90 /* MovixApp */,
				B469DC792C42067A000A5F90 /* Products */,
			);
			sourceTree = "<group>";
		};
		B469DC792C42067A000A5F90 /* Products */ = {
			isa = PBXGroup;
			children = (
				B469DC782C42067A000A5F90 /* MovixApp.app */,
			);
			name = Products;
			sourceTree = "<group>";
		};
		B469DC7A2C42067A000A5F90 /* MovixApp */ = {
			isa = PBXGroup;
			children = (
				B469DC7B2C42067A000A5F90 /* MovixAppApp.swift */,
				B469DC7D2C42067A000A5F90 /* ContentView.swift */,
				B4C93FA62C52A4D60034DD0B /* deadpooljson.json */,
				B469DC8B2C420A37000A5F90 /* Core */,
				B469DC892C42079C000A5F90 /* Resources */,
			);
			path = MovixApp;
			sourceTree = "<group>";
		};
		B469DC812C42067B000A5F90 /* Preview Content */ = {
			isa = PBXGroup;
			children = (
				B469DC822C42067B000A5F90 /* Preview Assets.xcassets */,
			);
			path = "Preview Content";
			sourceTree = "<group>";
		};
		B469DC892C42079C000A5F90 /* Resources */ = {
			isa = PBXGroup;
			children = (
				B469DC812C42067B000A5F90 /* Preview Content */,
				B469DC7F2C42067B000A5F90 /* Assets.xcassets */,
			);
			path = Resources;
			sourceTree = "<group>";
		};
		B469DC8B2C420A37000A5F90 /* Core */ = {
			isa = PBXGroup;
			children = (
				B4111FA42C5AF7D000657258 /* Root */,
				B4390BED2C5818DD00AEAB70 /* AuxViews */,
				B42BE0C62C57DA8A00EA19D2 /* People */,
				B4FE2A622C4ADB0C009EF6C5 /* Services */,
				B469DC922C421563000A5F90 /* Authentication */,
				B4FE2A682C4AE68E009EF6C5 /* Media */,
				B469DC8C2C420A3B000A5F90 /* Modifiers */,
				B469DC982C4222B5000A5F90 /* Profile */,
				B42BE0CF2C57FDB500EA19D2 /* Utility.swift */,
			);
			path = Core;
			sourceTree = "<group>";
		};
		B469DC8C2C420A3B000A5F90 /* Modifiers */ = {
			isa = PBXGroup;
			children = (
				B469DC8E2C420A89000A5F90 /* CapsuleButton.swift */,
				B469DC902C420DA4000A5F90 /* CapsuleModifier.swift */,
			);
			path = Modifiers;
			sourceTree = "<group>";
		};
		B469DC922C421563000A5F90 /* Authentication */ = {
			isa = PBXGroup;
			children = (
				B4BD2C012C6B59E700A5518E /* Models */,
				B469DC932C421567000A5F90 /* Views */,
				B4111FA12C5A996D00657258 /* ViewModels */,
			);
			path = Authentication;
			sourceTree = "<group>";
		};
		B469DC932C421567000A5F90 /* Views */ = {
			isa = PBXGroup;
			children = (
				B469DC942C421576000A5F90 /* LoginView.swift */,
				B469DC962C42215C000A5F90 /* SignUpView.swift */,
				B4111FA22C5AAE2F00657258 /* AuthenticateTMDB.swift */,
			);
			path = Views;
			sourceTree = "<group>";
		};
		B469DC982C4222B5000A5F90 /* Profile */ = {
			isa = PBXGroup;
			children = (
				B469DC992C4222C4000A5F90 /* Views */,
			);
			path = Profile;
			sourceTree = "<group>";
		};
		B469DC992C4222C4000A5F90 /* Views */ = {
			isa = PBXGroup;
			children = (
				B469DC9A2C4222CA000A5F90 /* ProfileView.swift */,
				B4FE2A632C4ADB6E009EF6C5 /* SettingsList.swift */,
			);
			path = Views;
			sourceTree = "<group>";
		};
		B4BD2C012C6B59E700A5518E /* Models */ = {
			isa = PBXGroup;
			children = (
				B4BD2C022C6B5A0300A5518E /* Account.swift */,
			);
			path = Models;
			sourceTree = "<group>";
		};
		B4C93FA12C529B560034DD0B /* Models */ = {
			isa = PBXGroup;
			children = (
				B4C93FA22C529B630034DD0B /* Movie.swift */,
				B4C93FA42C529B740034DD0B /* MediaProtocol.swift */,
				B42BE0C22C57B32200EA19D2 /* MoviesCollection.swift */,
				B4EC60342C637FE4001DBF4B /* Genre.swift */,
				B4EC60362C639942001DBF4B /* Provider.swift */,
			);
			path = Models;
			sourceTree = "<group>";
		};
		B4FE2A622C4ADB0C009EF6C5 /* Services */ = {
			isa = PBXGroup;
			children = (
				B4C93F9F2C52989C0034DD0B /* NetworkManager.swift */,
				B42BE0B92C57A15E00EA19D2 /* ApiTMDB.swift */,
			);
			path = Services;
			sourceTree = "<group>";
		};
		B4FE2A682C4AE68E009EF6C5 /* Media */ = {
			isa = PBXGroup;
			children = (
				B4C93FA12C529B560034DD0B /* Models */,
				B4FE2A692C4AE6B2009EF6C5 /* Views */,
				B42BE0BB2C57A53F00EA19D2 /* ViewModels */,
			);
			path = Media;
			sourceTree = "<group>";
		};
		B4FE2A692C4AE6B2009EF6C5 /* Views */ = {
			isa = PBXGroup;
			children = (
				B4DAF2D42C4BE51D00178180 /* CommentsView.swift */,
				B4DAF2D22C4BE51300178180 /* DetailsView.swift */,
				B4DAF2D02C4BE50600178180 /* GeneralInfo.swift */,
				B4FE2A6C2C4AEC89009EF6C5 /* PosterView.swift */,
				B44E47BD2C4BDD1A00B74A8B /* MediaDetailsInfo.swift */,
				B4390BF82C5828CE00AEAB70 /* MediaList.swift */,
				B4390BF22C581BB500AEAB70 /* MediaRow.swift */,
				B4C93F9D2C52749E0034DD0B /* MediaTabs.swift */,
				B4FE2A6A2C4AE6BB009EF6C5 /* MovieView.swift */,
				B42BE0C02C57AD8200EA19D2 /* SearchMedia.swift */,
				B4111FB02C5AFF7100657258 /* HomeView.swift */,
				B4111FB22C5B003700657258 /* FavouritesView.swift */,
			);
			path = Views;
			sourceTree = "<group>";
		};
/* End PBXGroup section */

/* Begin PBXNativeTarget section */
		B469DC772C42067A000A5F90 /* MovixApp */ = {
			isa = PBXNativeTarget;
			buildConfigurationList = B469DC862C42067B000A5F90 /* Build configuration list for PBXNativeTarget "MovixApp" */;
			buildPhases = (
				B469DC742C42067A000A5F90 /* Sources */,
				B469DC752C42067A000A5F90 /* Frameworks */,
				B469DC762C42067A000A5F90 /* Resources */,
			);
			buildRules = (
			);
			dependencies = (
			);
			name = MovixApp;
			productName = MovixApp;
			productReference = B469DC782C42067A000A5F90 /* MovixApp.app */;
			productType = "com.apple.product-type.application";
		};
/* End PBXNativeTarget section */

/* Begin PBXProject section */
		B469DC702C42067A000A5F90 /* Project object */ = {
			isa = PBXProject;
			attributes = {
				BuildIndependentTargetsInParallel = 1;
				KnownAssetTags = (
					APIkey,
				);
				LastSwiftUpdateCheck = 1520;
				LastUpgradeCheck = 1520;
				TargetAttributes = {
					B469DC772C42067A000A5F90 = {
						CreatedOnToolsVersion = 15.2;
					};
				};
			};
			buildConfigurationList = B469DC732C42067A000A5F90 /* Build configuration list for PBXProject "MovixApp" */;
			compatibilityVersion = "Xcode 14.0";
			developmentRegion = en;
			hasScannedForEncodings = 0;
			knownRegions = (
				en,
				Base,
			);
			mainGroup = B469DC6F2C42067A000A5F90;
			productRefGroup = B469DC792C42067A000A5F90 /* Products */;
			projectDirPath = "";
			projectRoot = "";
			targets = (
				B469DC772C42067A000A5F90 /* MovixApp */,
			);
		};
/* End PBXProject section */

/* Begin PBXResourcesBuildPhase section */
		B469DC762C42067A000A5F90 /* Resources */ = {
			isa = PBXResourcesBuildPhase;
			buildActionMask = 2147483647;
			files = (
				B4C93FA72C52A4D60034DD0B /* deadpooljson.json in Resources */,
				B469DC832C42067B000A5F90 /* Preview Assets.xcassets in Resources */,
				B469DC802C42067B000A5F90 /* Assets.xcassets in Resources */,
			);
			runOnlyForDeploymentPostprocessing = 0;
		};
/* End PBXResourcesBuildPhase section */

/* Begin PBXSourcesBuildPhase section */
		B469DC742C42067A000A5F90 /* Sources */ = {
			isa = PBXSourcesBuildPhase;
			buildActionMask = 2147483647;
			files = (
				B4C93FA32C529B630034DD0B /* Movie.swift in Sources */,
				B4111FA32C5AAE2F00657258 /* AuthenticateTMDB.swift in Sources */,
				B4390BF32C581BB500AEAB70 /* MediaRow.swift in Sources */,
				B45745D52C58E701004DB511 /* CustomTabBaraa.swift in Sources */,
				B4C93FA02C52989C0034DD0B /* NetworkManager.swift in Sources */,
				B42BE0C12C57AD8200EA19D2 /* SearchMedia.swift in Sources */,
				B4390BFB2C582A4700AEAB70 /* FiltersView.swift in Sources */,
				B469DC7E2C42067A000A5F90 /* ContentView.swift in Sources */,
				B469DC912C420DA4000A5F90 /* CapsuleModifier.swift in Sources */,
				B4C93FA52C529B740034DD0B /* MediaProtocol.swift in Sources */,
				B4390BEF2C5818ED00AEAB70 /* SearchBar.swift in Sources */,
				B4FE2A6B2C4AE6BB009EF6C5 /* MovieView.swift in Sources */,
				B4FE2A642C4ADB6E009EF6C5 /* SettingsList.swift in Sources */,
				B4111FAB2C5AF80000657258 /* Tab.swift in Sources */,
				B469DC8F2C420A89000A5F90 /* CapsuleButton.swift in Sources */,
				B4FE2A6D2C4AEC89009EF6C5 /* PosterView.swift in Sources */,
				B469DC952C421576000A5F90 /* LoginView.swift in Sources */,
				B4DAF2D12C4BE50600178180 /* GeneralInfo.swift in Sources */,
				B42BE0C92C57DA9800EA19D2 /* People.swift in Sources */,
				B4FE2A722C4AF1A3009EF6C5 /* BannerTopBar.swift in Sources */,
				B4111FA02C5A996900657258 /* AuthenticationViewModel.swift in Sources */,
				B4390BF72C5821C700AEAB70 /* PopularityFormatter.swift in Sources */,
				B4111FAD2C5AFA6100657258 /* TabBarButton.swift in Sources */,
				B45745D82C592DF8004DB511 /* PeopleView.swift in Sources */,
				B42BE0BF2C57A59500EA19D2 /* MoviesViewModel.swift in Sources */,
				B469DC972C42215C000A5F90 /* SignUpView.swift in Sources */,
				B4111FB12C5AFF7100657258 /* HomeView.swift in Sources */,
				B4FE2A6F2C4AEED6009EF6C5 /* MovieActionsBar.swift in Sources */,
				B4111FAF2C5AFB0B00657258 /* CustomTabBar.swift in Sources */,
				B42BE0BA2C57A15E00EA19D2 /* ApiTMDB.swift in Sources */,
				B4390BF52C58217000AEAB70 /* RoundedRectagleShape.swift in Sources */,
				B4DAF2D32C4BE51300178180 /* DetailsView.swift in Sources */,
				B42BE0D02C57FDB500EA19D2 /* Utility.swift in Sources */,
				B4111FB32C5B003700657258 /* FavouritesView.swift in Sources */,
				B469DC9B2C4222CA000A5F90 /* ProfileView.swift in Sources */,
				B42BE0C32C57B32200EA19D2 /* MoviesCollection.swift in Sources */,
				B4390BF92C5828CE00AEAB70 /* MediaList.swift in Sources */,
				B4EC60372C639942001DBF4B /* Provider.swift in Sources */,
				B44E47BE2C4BDD1A00B74A8B /* MediaDetailsInfo.swift in Sources */,
				B4DAF2D52C4BE51D00178180 /* CommentsView.swift in Sources */,
				B4EC60352C637FE4001DBF4B /* Genre.swift in Sources */,
				B45745DA2C593212004DB511 /* PeopleViewModel.swift in Sources */,
				B42BE0BD2C57A54A00EA19D2 /* MovieViewModel.swift in Sources */,
				B4C93F9E2C52749E0034DD0B /* MediaTabs.swift in Sources */,
				B42BE0CE2C57E70D00EA19D2 /* CastViewModel.swift in Sources */,
				B4BD2C032C6B5A0300A5518E /* Account.swift in Sources */,
				B4111FA92C5AF7F600657258 /* MainTabView.swift in Sources */,
				B42BE0CB2C57E48900EA19D2 /* Credits.swift in Sources */,
				B469DC7C2C42067A000A5F90 /* MovixAppApp.swift in Sources */,
				B4390BFD2C582B3600AEAB70 /* HexColor.swift in Sources */,
			);
			runOnlyForDeploymentPostprocessing = 0;
		};
/* End PBXSourcesBuildPhase section */

/* Begin XCBuildConfiguration section */
		B469DC842C42067B000A5F90 /* Debug */ = {
			isa = XCBuildConfiguration;
			buildSettings = {
				ALWAYS_SEARCH_USER_PATHS = NO;
				ASSETCATALOG_COMPILER_GENERATE_SWIFT_ASSET_SYMBOL_EXTENSIONS = YES;
				CLANG_ANALYZER_NONNULL = YES;
				CLANG_ANALYZER_NUMBER_OBJECT_CONVERSION = YES_AGGRESSIVE;
				CLANG_CXX_LANGUAGE_STANDARD = "gnu++20";
				CLANG_ENABLE_MODULES = YES;
				CLANG_ENABLE_OBJC_ARC = YES;
				CLANG_ENABLE_OBJC_WEAK = YES;
				CLANG_WARN_BLOCK_CAPTURE_AUTORELEASING = YES;
				CLANG_WARN_BOOL_CONVERSION = YES;
				CLANG_WARN_COMMA = YES;
				CLANG_WARN_CONSTANT_CONVERSION = YES;
				CLANG_WARN_DEPRECATED_OBJC_IMPLEMENTATIONS = YES;
				CLANG_WARN_DIRECT_OBJC_ISA_USAGE = YES_ERROR;
				CLANG_WARN_DOCUMENTATION_COMMENTS = YES;
				CLANG_WARN_EMPTY_BODY = YES;
				CLANG_WARN_ENUM_CONVERSION = YES;
				CLANG_WARN_INFINITE_RECURSION = YES;
				CLANG_WARN_INT_CONVERSION = YES;
				CLANG_WARN_NON_LITERAL_NULL_CONVERSION = YES;
				CLANG_WARN_OBJC_IMPLICIT_RETAIN_SELF = YES;
				CLANG_WARN_OBJC_LITERAL_CONVERSION = YES;
				CLANG_WARN_OBJC_ROOT_CLASS = YES_ERROR;
				CLANG_WARN_QUOTED_INCLUDE_IN_FRAMEWORK_HEADER = YES;
				CLANG_WARN_RANGE_LOOP_ANALYSIS = YES;
				CLANG_WARN_STRICT_PROTOTYPES = YES;
				CLANG_WARN_SUSPICIOUS_MOVE = YES;
				CLANG_WARN_UNGUARDED_AVAILABILITY = YES_AGGRESSIVE;
				CLANG_WARN_UNREACHABLE_CODE = YES;
				CLANG_WARN__DUPLICATE_METHOD_MATCH = YES;
				COPY_PHASE_STRIP = NO;
				DEBUG_INFORMATION_FORMAT = dwarf;
				ENABLE_STRICT_OBJC_MSGSEND = YES;
				ENABLE_TESTABILITY = YES;
				ENABLE_USER_SCRIPT_SANDBOXING = YES;
				GCC_C_LANGUAGE_STANDARD = gnu17;
				GCC_DYNAMIC_NO_PIC = NO;
				GCC_NO_COMMON_BLOCKS = YES;
				GCC_OPTIMIZATION_LEVEL = 0;
				GCC_PREPROCESSOR_DEFINITIONS = (
					"DEBUG=1",
					"$(inherited)",
				);
				GCC_WARN_64_TO_32_BIT_CONVERSION = YES;
				GCC_WARN_ABOUT_RETURN_TYPE = YES_ERROR;
				GCC_WARN_UNDECLARED_SELECTOR = YES;
				GCC_WARN_UNINITIALIZED_AUTOS = YES_AGGRESSIVE;
				GCC_WARN_UNUSED_FUNCTION = YES;
				GCC_WARN_UNUSED_VARIABLE = YES;
				IPHONEOS_DEPLOYMENT_TARGET = 17.2;
				LOCALIZATION_PREFERS_STRING_CATALOGS = YES;
				MTL_ENABLE_DEBUG_INFO = INCLUDE_SOURCE;
				MTL_FAST_MATH = YES;
				ONLY_ACTIVE_ARCH = YES;
				SDKROOT = iphoneos;
				SWIFT_ACTIVE_COMPILATION_CONDITIONS = "DEBUG $(inherited)";
				SWIFT_OPTIMIZATION_LEVEL = "-Onone";
			};
			name = Debug;
		};
		B469DC852C42067B000A5F90 /* Release */ = {
			isa = XCBuildConfiguration;
			buildSettings = {
				ALWAYS_SEARCH_USER_PATHS = NO;
				ASSETCATALOG_COMPILER_GENERATE_SWIFT_ASSET_SYMBOL_EXTENSIONS = YES;
				CLANG_ANALYZER_NONNULL = YES;
				CLANG_ANALYZER_NUMBER_OBJECT_CONVERSION = YES_AGGRESSIVE;
				CLANG_CXX_LANGUAGE_STANDARD = "gnu++20";
				CLANG_ENABLE_MODULES = YES;
				CLANG_ENABLE_OBJC_ARC = YES;
				CLANG_ENABLE_OBJC_WEAK = YES;
				CLANG_WARN_BLOCK_CAPTURE_AUTORELEASING = YES;
				CLANG_WARN_BOOL_CONVERSION = YES;
				CLANG_WARN_COMMA = YES;
				CLANG_WARN_CONSTANT_CONVERSION = YES;
				CLANG_WARN_DEPRECATED_OBJC_IMPLEMENTATIONS = YES;
				CLANG_WARN_DIRECT_OBJC_ISA_USAGE = YES_ERROR;
				CLANG_WARN_DOCUMENTATION_COMMENTS = YES;
				CLANG_WARN_EMPTY_BODY = YES;
				CLANG_WARN_ENUM_CONVERSION = YES;
				CLANG_WARN_INFINITE_RECURSION = YES;
				CLANG_WARN_INT_CONVERSION = YES;
				CLANG_WARN_NON_LITERAL_NULL_CONVERSION = YES;
				CLANG_WARN_OBJC_IMPLICIT_RETAIN_SELF = YES;
				CLANG_WARN_OBJC_LITERAL_CONVERSION = YES;
				CLANG_WARN_OBJC_ROOT_CLASS = YES_ERROR;
				CLANG_WARN_QUOTED_INCLUDE_IN_FRAMEWORK_HEADER = YES;
				CLANG_WARN_RANGE_LOOP_ANALYSIS = YES;
				CLANG_WARN_STRICT_PROTOTYPES = YES;
				CLANG_WARN_SUSPICIOUS_MOVE = YES;
				CLANG_WARN_UNGUARDED_AVAILABILITY = YES_AGGRESSIVE;
				CLANG_WARN_UNREACHABLE_CODE = YES;
				CLANG_WARN__DUPLICATE_METHOD_MATCH = YES;
				COPY_PHASE_STRIP = NO;
				DEBUG_INFORMATION_FORMAT = "dwarf-with-dsym";
				ENABLE_NS_ASSERTIONS = NO;
				ENABLE_STRICT_OBJC_MSGSEND = YES;
				ENABLE_USER_SCRIPT_SANDBOXING = YES;
				GCC_C_LANGUAGE_STANDARD = gnu17;
				GCC_NO_COMMON_BLOCKS = YES;
				GCC_WARN_64_TO_32_BIT_CONVERSION = YES;
				GCC_WARN_ABOUT_RETURN_TYPE = YES_ERROR;
				GCC_WARN_UNDECLARED_SELECTOR = YES;
				GCC_WARN_UNINITIALIZED_AUTOS = YES_AGGRESSIVE;
				GCC_WARN_UNUSED_FUNCTION = YES;
				GCC_WARN_UNUSED_VARIABLE = YES;
				IPHONEOS_DEPLOYMENT_TARGET = 17.2;
				LOCALIZATION_PREFERS_STRING_CATALOGS = YES;
				MTL_ENABLE_DEBUG_INFO = NO;
				MTL_FAST_MATH = YES;
				SDKROOT = iphoneos;
				SWIFT_COMPILATION_MODE = wholemodule;
				VALIDATE_PRODUCT = YES;
			};
			name = Release;
		};
		B469DC872C42067B000A5F90 /* Debug */ = {
			isa = XCBuildConfiguration;
			buildSettings = {
				ASSETCATALOG_COMPILER_APPICON_NAME = AppIcon;
				ASSETCATALOG_COMPILER_GLOBAL_ACCENT_COLOR_NAME = AccentColor;
				CODE_SIGN_STYLE = Automatic;
				CURRENT_PROJECT_VERSION = 1;
				DEVELOPMENT_ASSET_PATHS = "MovixApp/Resources/Preview\\ Content";
				DEVELOPMENT_TEAM = 5VZ6Q8DGLP;
				ENABLE_PREVIEWS = YES;
				GENERATE_INFOPLIST_FILE = YES;
				INFOPLIST_KEY_UIApplicationSceneManifest_Generation = YES;
				INFOPLIST_KEY_UIApplicationSupportsIndirectInputEvents = YES;
				INFOPLIST_KEY_UILaunchScreen_Generation = YES;
				INFOPLIST_KEY_UISupportedInterfaceOrientations_iPad = "UIInterfaceOrientationPortrait UIInterfaceOrientationPortraitUpsideDown UIInterfaceOrientationLandscapeLeft UIInterfaceOrientationLandscapeRight";
				INFOPLIST_KEY_UISupportedInterfaceOrientations_iPhone = "UIInterfaceOrientationPortrait UIInterfaceOrientationLandscapeLeft UIInterfaceOrientationLandscapeRight";
				LD_RUNPATH_SEARCH_PATHS = (
					"$(inherited)",
					"@executable_path/Frameworks",
				);
				MARKETING_VERSION = 1.0;
				PRODUCT_BUNDLE_IDENTIFIER = com.anceldev.MovixApp;
				PRODUCT_NAME = "$(TARGET_NAME)";
				SWIFT_EMIT_LOC_STRINGS = YES;
				SWIFT_VERSION = 5.0;
				TARGETED_DEVICE_FAMILY = "1,2";
			};
			name = Debug;
		};
		B469DC882C42067B000A5F90 /* Release */ = {
			isa = XCBuildConfiguration;
			buildSettings = {
				ASSETCATALOG_COMPILER_APPICON_NAME = AppIcon;
				ASSETCATALOG_COMPILER_GLOBAL_ACCENT_COLOR_NAME = AccentColor;
				CODE_SIGN_STYLE = Automatic;
				CURRENT_PROJECT_VERSION = 1;
				DEVELOPMENT_ASSET_PATHS = "MovixApp/Resources/Preview\\ Content";
				DEVELOPMENT_TEAM = 5VZ6Q8DGLP;
				ENABLE_PREVIEWS = YES;
				GENERATE_INFOPLIST_FILE = YES;
				INFOPLIST_KEY_UIApplicationSceneManifest_Generation = YES;
				INFOPLIST_KEY_UIApplicationSupportsIndirectInputEvents = YES;
				INFOPLIST_KEY_UILaunchScreen_Generation = YES;
				INFOPLIST_KEY_UISupportedInterfaceOrientations_iPad = "UIInterfaceOrientationPortrait UIInterfaceOrientationPortraitUpsideDown UIInterfaceOrientationLandscapeLeft UIInterfaceOrientationLandscapeRight";
				INFOPLIST_KEY_UISupportedInterfaceOrientations_iPhone = "UIInterfaceOrientationPortrait UIInterfaceOrientationLandscapeLeft UIInterfaceOrientationLandscapeRight";
				LD_RUNPATH_SEARCH_PATHS = (
					"$(inherited)",
					"@executable_path/Frameworks",
				);
				MARKETING_VERSION = 1.0;
				PRODUCT_BUNDLE_IDENTIFIER = com.anceldev.MovixApp;
				PRODUCT_NAME = "$(TARGET_NAME)";
				SWIFT_EMIT_LOC_STRINGS = YES;
				SWIFT_VERSION = 5.0;
				TARGETED_DEVICE_FAMILY = "1,2";
			};
			name = Release;
		};
/* End XCBuildConfiguration section */

/* Begin XCConfigurationList section */
		B469DC732C42067A000A5F90 /* Build configuration list for PBXProject "MovixApp" */ = {
			isa = XCConfigurationList;
			buildConfigurations = (
				B469DC842C42067B000A5F90 /* Debug */,
				B469DC852C42067B000A5F90 /* Release */,
			);
			defaultConfigurationIsVisible = 0;
			defaultConfigurationName = Release;
		};
		B469DC862C42067B000A5F90 /* Build configuration list for PBXNativeTarget "MovixApp" */ = {
			isa = XCConfigurationList;
			buildConfigurations = (
				B469DC872C42067B000A5F90 /* Debug */,
				B469DC882C42067B000A5F90 /* Release */,
			);
			defaultConfigurationIsVisible = 0;
			defaultConfigurationName = Release;
		};
/* End XCConfigurationList section */
	};
	rootObject = B469DC702C42067A000A5F90 /* Project object */;
}
